Microsoft Visual Studio Solution File, Format Version 12.00
# Visual Studio Version 17
VisualStudioVersion = 17.5.2.0
MinimumVisualStudioVersion = 10.0.40219.1
Project("{FAE04EC0-301F-11D3-BF4B-00C04F79EFBC}") = "Generico2", "Generico2.csproj", "{FFFAB421-9A6C-47C0-82BC-5E319DBCABDA}"
EndProject
Global
	GlobalSection(SolutionConfigurationPlatforms) = preSolution
		Debug|Any CPU = Debug|Any CPU
		Release|Any CPU = Release|Any CPU
	EndGlobalSection
	GlobalSection(ProjectConfigurationPlatforms) = postSolution
		{FFFAB421-9A6C-47C0-82BC-5E319DBCABDA}.Debug|Any CPU.ActiveCfg = Debug|Any CPU
		{FFFAB421-9A6C-47C0-82BC-5E319DBCABDA}.Debug|Any CPU.Build.0 = Debug|Any CPU
		{FFFAB421-9A6C-47C0-82BC-5E319DBCABDA}.Release|Any CPU.ActiveCfg = Release|Any CPU
		{FFFAB421-9A6C-47C0-82BC-5E319DBCABDA}.Release|Any CPU.Build.0 = Release|Any CPU
	EndGlobalSection
	GlobalSection(SolutionProperties) = preSolution
		HideSolutionNode = FALSE
	EndGlobalSection
	GlobalSection(ExtensibilityGlobals) = postSolution
		SolutionGuid = {4510F440-FE5C-4F17-8335-F2EDFEE85611}
	EndGlobalSection
EndGlobal
