Microsoft Visual Studio Solution File, Format Version 12.00
# Visual Studio Version 17
VisualStudioVersion = 17.5.2.0
MinimumVisualStudioVersion = 10.0.40219.1
Project("{FAE04EC0-301F-11D3-BF4B-00C04F79EFBC}") = "delegado", "delegado.csproj", "{870C233C-9B8B-D577-668C-9B6BCD955D54}"
EndProject
Global
	GlobalSection(SolutionConfigurationPlatforms) = preSolution
		Debug|Any CPU = Debug|Any CPU
		Release|Any CPU = Release|Any CPU
	EndGlobalSection
	GlobalSection(ProjectConfigurationPlatforms) = postSolution
		{870C233C-9B8B-D577-668C-9B6BCD955D54}.Debug|Any CPU.ActiveCfg = Debug|Any CPU
		{870C233C-9B8B-D577-668C-9B6BCD955D54}.Debug|Any CPU.Build.0 = Debug|Any CPU
		{870C233C-9B8B-D577-668C-9B6BCD955D54}.Release|Any CPU.ActiveCfg = Release|Any CPU
		{870C233C-9B8B-D577-668C-9B6BCD955D54}.Release|Any CPU.Build.0 = Release|Any CPU
	EndGlobalSection
	GlobalSection(SolutionProperties) = preSolution
		HideSolutionNode = FALSE
	EndGlobalSection
	GlobalSection(ExtensibilityGlobals) = postSolution
		SolutionGuid = {DF7738DE-7342-4358-B420-6150EFF32152}
	EndGlobalSection
EndGlobal
