Microsoft Visual Studio Solution File, Format Version 12.00
# Visual Studio Version 17
VisualStudioVersion = 17.5.2.0
MinimumVisualStudioVersion = 10.0.40219.1
Project("{FAE04EC0-301F-11D3-BF4B-00C04F79EFBC}") = "solid2", "solid2.csproj", "{A7DECC5A-CEFF-6701-9A6A-D9A203553045}"
EndProject
Global
	GlobalSection(SolutionConfigurationPlatforms) = preSolution
		Debug|Any CPU = Debug|Any CPU
		Release|Any CPU = Release|Any CPU
	EndGlobalSection
	GlobalSection(ProjectConfigurationPlatforms) = postSolution
		{A7DECC5A-CEFF-6701-9A6A-D9A203553045}.Debug|Any CPU.ActiveCfg = Debug|Any CPU
		{A7DECC5A-CEFF-6701-9A6A-D9A203553045}.Debug|Any CPU.Build.0 = Debug|Any CPU
		{A7DECC5A-CEFF-6701-9A6A-D9A203553045}.Release|Any CPU.ActiveCfg = Release|Any CPU
		{A7DECC5A-CEFF-6701-9A6A-D9A203553045}.Release|Any CPU.Build.0 = Release|Any CPU
	EndGlobalSection
	GlobalSection(SolutionProperties) = preSolution
		HideSolutionNode = FALSE
	EndGlobalSection
	GlobalSection(ExtensibilityGlobals) = postSolution
		SolutionGuid = {799D8AB0-9AC6-4BBF-A087-681215297A23}
	EndGlobalSection
EndGlobal
